// !$*UTF8*$!
{
	archiveVersion = 1;
	classes = {
	};
	objectVersion = 55;
	objects = {

/* Begin PBXBuildFile section */
		309BF32327AE36F200A6738B /* Renderer.swift in Sources */ = {isa = PBXBuildFile; fileRef = 309BF31F27AE36F200A6738B /* Renderer.swift */; };
		309BF32427AE36F200A6738B /* Shaders.metal in Sources */ = {isa = PBXBuildFile; fileRef = 309BF32027AE36F200A6738B /* Shaders.metal */; };
		309BF32527AE36F200A6738B /* RenderCmd.swift in Sources */ = {isa = PBXBuildFile; fileRef = 309BF32227AE36F200A6738B /* RenderCmd.swift */; };
		309BF32827AE677C00A6738B /* RenderData.swift in Sources */ = {isa = PBXBuildFile; fileRef = 309BF32627AE677C00A6738B /* RenderData.swift */; };
		309BF32927AE677C00A6738B /* RenderMode.swift in Sources */ = {isa = PBXBuildFile; fileRef = 309BF32727AE677C00A6738B /* RenderMode.swift */; };
		309BF32D27B0CD7B00A6738B /* Matrix.swift in Sources */ = {isa = PBXBuildFile; fileRef = 309BF32C27B0CD7B00A6738B /* Matrix.swift */; };
		30B4950027A8E54800BCB47D /* Plasmacore.swift in Sources */ = {isa = PBXBuildFile; fileRef = 30B494FF27A8E54800BCB47D /* Plasmacore.swift */; };
		30B4950727A8E57A00BCB47D /* RogueInterface.mm in Sources */ = {isa = PBXBuildFile; fileRef = 30B4950127A8E57A00BCB47D /* RogueInterface.mm */; };
		30B4950827A8E57A00BCB47D /* NativeInterface.swift in Sources */ = {isa = PBXBuildFile; fileRef = 30B4950227A8E57A00BCB47D /* NativeInterface.swift */; };
		30B4950927A8E57A00BCB47D /* PlasmacoreUtility.swift in Sources */ = {isa = PBXBuildFile; fileRef = 30B4950527A8E57A00BCB47D /* PlasmacoreUtility.swift */; };
		30B4950A27A8E57A00BCB47D /* PlasmacoreMessage.swift in Sources */ = {isa = PBXBuildFile; fileRef = 30B4950627A8E57A00BCB47D /* PlasmacoreMessage.swift */; };
		30B4950D27A8E59000BCB47D /* RogueProgram.mm in Sources */ = {isa = PBXBuildFile; fileRef = 30B4950B27A8E59000BCB47D /* RogueProgram.mm */; };
		30C6726527A5110700B21D55 /* AppDelegate.swift in Sources */ = {isa = PBXBuildFile; fileRef = 30C6726427A5110700B21D55 /* AppDelegate.swift */; };
		30C6726727A5110700B21D55 /* PlasmacoreViewController.swift in Sources */ = {isa = PBXBuildFile; fileRef = 30C6726627A5110700B21D55 /* PlasmacoreViewController.swift */; };
		30C6726E27A5110900B21D55 /* Assets.xcassets in Resources */ = {isa = PBXBuildFile; fileRef = 30C6726D27A5110900B21D55 /* Assets.xcassets */; };
		30C6727127A5110900B21D55 /* Main.storyboard in Resources */ = {isa = PBXBuildFile; fileRef = 30C6726F27A5110900B21D55 /* Main.storyboard */; };
		30E1A5B627BCAD4A00C4FB7F /* PlasmacoreView-macOS.swift in Sources */ = {isa = PBXBuildFile; fileRef = 30E1A5B527BCAD4A00C4FB7F /* PlasmacoreView-macOS.swift */; };
		30E1A5B827BD923D00C4FB7F /* Keyboard.swift in Sources */ = {isa = PBXBuildFile; fileRef = 30E1A5B727BD923D00C4FB7F /* Keyboard.swift */; };
		30EC53AF27B4622E002138B1 /* Images in Resources */ = {isa = PBXBuildFile; fileRef = 30EC53AE27B4622E002138B1 /* Images */; };
/* End PBXBuildFile section */

/* Begin PBXFileReference section */
		309BF31F27AE36F200A6738B /* Renderer.swift */ = {isa = PBXFileReference; fileEncoding = 4; lastKnownFileType = sourcecode.swift; name = Renderer.swift; path = ../../../Libraries/Framework/Swift/Renderer.swift; sourceTree = "<group>"; };
		309BF32027AE36F200A6738B /* Shaders.metal */ = {isa = PBXFileReference; fileEncoding = 4; lastKnownFileType = sourcecode.metal; name = Shaders.metal; path = ../../../Libraries/Framework/Swift/Shaders.metal; sourceTree = "<group>"; };
		309BF32127AE36F200A6738B /* ShaderTypes.h */ = {isa = PBXFileReference; fileEncoding = 4; lastKnownFileType = sourcecode.c.h; name = ShaderTypes.h; path = ../../../Libraries/Framework/Swift/ShaderTypes.h; sourceTree = "<group>"; };
		309BF32227AE36F200A6738B /* RenderCmd.swift */ = {isa = PBXFileReference; fileEncoding = 4; lastKnownFileType = sourcecode.swift; name = RenderCmd.swift; path = ../../../Libraries/Framework/Swift/RenderCmd.swift; sourceTree = "<group>"; };
		309BF32627AE677C00A6738B /* RenderData.swift */ = {isa = PBXFileReference; fileEncoding = 4; lastKnownFileType = sourcecode.swift; name = RenderData.swift; path = ../../../Libraries/Framework/Swift/RenderData.swift; sourceTree = "<group>"; };
		309BF32727AE677C00A6738B /* RenderMode.swift */ = {isa = PBXFileReference; fileEncoding = 4; lastKnownFileType = sourcecode.swift; name = RenderMode.swift; path = ../../../Libraries/Framework/Swift/RenderMode.swift; sourceTree = "<group>"; };
		309BF32C27B0CD7B00A6738B /* Matrix.swift */ = {isa = PBXFileReference; fileEncoding = 4; lastKnownFileType = sourcecode.swift; name = Matrix.swift; path = ../../../Libraries/Framework/Swift/Matrix.swift; sourceTree = "<group>"; };
		30B494FF27A8E54800BCB47D /* Plasmacore.swift */ = {isa = PBXFileReference; fileEncoding = 4; lastKnownFileType = sourcecode.swift; name = Plasmacore.swift; path = ../../../Libraries/Framework/Swift/Plasmacore.swift; sourceTree = "<group>"; };
		30B4950127A8E57A00BCB47D /* RogueInterface.mm */ = {isa = PBXFileReference; fileEncoding = 4; lastKnownFileType = sourcecode.cpp.objcpp; name = RogueInterface.mm; path = ../../../Libraries/Framework/Swift/RogueInterface.mm; sourceTree = "<group>"; };
		30B4950227A8E57A00BCB47D /* NativeInterface.swift */ = {isa = PBXFileReference; fileEncoding = 4; lastKnownFileType = sourcecode.swift; name = NativeInterface.swift; path = ../../../Libraries/Framework/Swift/NativeInterface.swift; sourceTree = "<group>"; };
		30B4950327A8E57A00BCB47D /* RogueInterface.h */ = {isa = PBXFileReference; fileEncoding = 4; lastKnownFileType = sourcecode.c.h; name = RogueInterface.h; path = ../../../Libraries/Framework/Swift/RogueInterface.h; sourceTree = "<group>"; };
		30B4950427A8E57A00BCB47D /* BridgingHeader.h */ = {isa = PBXFileReference; fileEncoding = 4; lastKnownFileType = sourcecode.c.h; name = BridgingHeader.h; path = ../../../Libraries/Framework/Swift/BridgingHeader.h; sourceTree = "<group>"; };
		30B4950527A8E57A00BCB47D /* PlasmacoreUtility.swift */ = {isa = PBXFileReference; fileEncoding = 4; lastKnownFileType = sourcecode.swift; name = PlasmacoreUtility.swift; path = ../../../Libraries/Framework/Swift/PlasmacoreUtility.swift; sourceTree = "<group>"; };
		30B4950627A8E57A00BCB47D /* PlasmacoreMessage.swift */ = {isa = PBXFileReference; fileEncoding = 4; lastKnownFileType = sourcecode.swift; name = PlasmacoreMessage.swift; path = ../../../Libraries/Framework/Swift/PlasmacoreMessage.swift; sourceTree = "<group>"; };
		30B4950B27A8E59000BCB47D /* RogueProgram.mm */ = {isa = PBXFileReference; fileEncoding = 4; lastKnownFileType = sourcecode.cpp.objcpp; name = RogueProgram.mm; path = ../../../Build/macOS/Source/RogueProgram.mm; sourceTree = "<group>"; };
		30B4950C27A8E59000BCB47D /* RogueProgram.h */ = {isa = PBXFileReference; fileEncoding = 4; lastKnownFileType = sourcecode.c.h; name = RogueProgram.h; path = ../../../Build/macOS/Source/RogueProgram.h; sourceTree = "<group>"; };
		30C6726127A5110700B21D55 /* Project-macOS.app */ = {isa = PBXFileReference; explicitFileType = wrapper.application; includeInIndex = 0; path = "Project-macOS.app"; sourceTree = BUILT_PRODUCTS_DIR; };
		30C6726427A5110700B21D55 /* AppDelegate.swift */ = {isa = PBXFileReference; lastKnownFileType = sourcecode.swift; path = AppDelegate.swift; sourceTree = "<group>"; };
		30C6726627A5110700B21D55 /* PlasmacoreViewController.swift */ = {isa = PBXFileReference; lastKnownFileType = sourcecode.swift; path = PlasmacoreViewController.swift; sourceTree = "<group>"; };
		30C6726D27A5110900B21D55 /* Assets.xcassets */ = {isa = PBXFileReference; lastKnownFileType = folder.assetcatalog; path = Assets.xcassets; sourceTree = "<group>"; };
		30C6727027A5110900B21D55 /* Base */ = {isa = PBXFileReference; lastKnownFileType = file.storyboard; name = Base; path = Base.lproj/Main.storyboard; sourceTree = "<group>"; };
		30C6727227A5110900B21D55 /* Project_macOS.entitlements */ = {isa = PBXFileReference; lastKnownFileType = text.plist.entitlements; path = Project_macOS.entitlements; sourceTree = "<group>"; };
		30E1A5B527BCAD4A00C4FB7F /* PlasmacoreView-macOS.swift */ = {isa = PBXFileReference; fileEncoding = 4; lastKnownFileType = sourcecode.swift; name = "PlasmacoreView-macOS.swift"; path = "../../../Libraries/Framework/Swift/PlasmacoreView-macOS.swift"; sourceTree = "<group>"; };
		30E1A5B727BD923D00C4FB7F /* Keyboard.swift */ = {isa = PBXFileReference; fileEncoding = 4; lastKnownFileType = sourcecode.swift; name = Keyboard.swift; path = ../../../Libraries/Framework/Swift/Keyboard.swift; sourceTree = "<group>"; };
		30EC53AE27B4622E002138B1 /* Images */ = {isa = PBXFileReference; lastKnownFileType = folder; name = Images; path = ../../../Assets/Images; sourceTree = "<group>"; };
/* End PBXFileReference section */

/* Begin PBXFrameworksBuildPhase section */
		30C6725E27A5110700B21D55 /* Frameworks */ = {
			isa = PBXFrameworksBuildPhase;
			buildActionMask = 2147483647;
			files = (
			);
			runOnlyForDeploymentPostprocessing = 0;
		};
/* End PBXFrameworksBuildPhase section */

/* Begin PBXGroup section */
		30B494FE27A8E52000BCB47D /* Plasmacore */ = {
			isa = PBXGroup;
			children = (
				30E1A5B727BD923D00C4FB7F /* Keyboard.swift */,
				30E1A5B527BCAD4A00C4FB7F /* PlasmacoreView-macOS.swift */,
				309BF32C27B0CD7B00A6738B /* Matrix.swift */,
				309BF32627AE677C00A6738B /* RenderData.swift */,
				309BF32727AE677C00A6738B /* RenderMode.swift */,
				309BF32227AE36F200A6738B /* RenderCmd.swift */,
				309BF31F27AE36F200A6738B /* Renderer.swift */,
				309BF32027AE36F200A6738B /* Shaders.metal */,
				309BF32127AE36F200A6738B /* ShaderTypes.h */,
				30B4950C27A8E59000BCB47D /* RogueProgram.h */,
				30B4950B27A8E59000BCB47D /* RogueProgram.mm */,
				30B4950427A8E57A00BCB47D /* BridgingHeader.h */,
				30B4950227A8E57A00BCB47D /* NativeInterface.swift */,
				30B4950627A8E57A00BCB47D /* PlasmacoreMessage.swift */,
				30B4950527A8E57A00BCB47D /* PlasmacoreUtility.swift */,
				30B4950327A8E57A00BCB47D /* RogueInterface.h */,
				30B4950127A8E57A00BCB47D /* RogueInterface.mm */,
				30B494FF27A8E54800BCB47D /* Plasmacore.swift */,
			);
			name = Plasmacore;
			sourceTree = "<group>";
		};
		30C6725827A5110700B21D55 = {
			isa = PBXGroup;
			children = (
				30C6726327A5110700B21D55 /* Project-macOS */,
				30C6726227A5110700B21D55 /* Products */,
			);
			sourceTree = "<group>";
		};
		30C6726227A5110700B21D55 /* Products */ = {
			isa = PBXGroup;
			children = (
				30C6726127A5110700B21D55 /* Project-macOS.app */,
			);
			name = Products;
			sourceTree = "<group>";
		};
		30C6726327A5110700B21D55 /* Project-macOS */ = {
			isa = PBXGroup;
			children = (
				30EC53AD27B4621C002138B1 /* Assets */,
				30C6726427A5110700B21D55 /* AppDelegate.swift */,
				30C6726627A5110700B21D55 /* PlasmacoreViewController.swift */,
				30C6726D27A5110900B21D55 /* Assets.xcassets */,
				30C6726F27A5110900B21D55 /* Main.storyboard */,
				30B494FE27A8E52000BCB47D /* Plasmacore */,
				30C6727227A5110900B21D55 /* Project_macOS.entitlements */,
			);
			path = "Project-macOS";
			sourceTree = "<group>";
		};
		30EC53AD27B4621C002138B1 /* Assets */ = {
			isa = PBXGroup;
			children = (
				30EC53AE27B4622E002138B1 /* Images */,
			);
			name = Assets;
			sourceTree = "<group>";
		};
/* End PBXGroup section */

/* Begin PBXNativeTarget section */
		30C6726027A5110700B21D55 /* Project-macOS */ = {
			isa = PBXNativeTarget;
			buildConfigurationList = 30C6727527A5110900B21D55 /* Build configuration list for PBXNativeTarget "Project-macOS" */;
			buildPhases = (
				30C6728E27A7619200B21D55 /* Compile Rogue */,
				30C6725D27A5110700B21D55 /* Sources */,
				30C6725E27A5110700B21D55 /* Frameworks */,
				30C6725F27A5110700B21D55 /* Resources */,
			);
			buildRules = (
			);
			dependencies = (
			);
			name = "Project-macOS";
			productName = "Project-macOS";
			productReference = 30C6726127A5110700B21D55 /* Project-macOS.app */;
			productType = "com.apple.product-type.application";
		};
/* End PBXNativeTarget section */

/* Begin PBXProject section */
		30C6725927A5110700B21D55 /* Project object */ = {
			isa = PBXProject;
			attributes = {
				BuildIndependentTargetsInParallel = 1;
				LastSwiftUpdateCheck = 1320;
				LastUpgradeCheck = 1320;
				TargetAttributes = {
					30C6726027A5110700B21D55 = {
						CreatedOnToolsVersion = 13.2.1;
					};
				};
			};
			buildConfigurationList = 30C6725C27A5110700B21D55 /* Build configuration list for PBXProject "Project-macOS" */;
			compatibilityVersion = "Xcode 13.0";
			developmentRegion = en;
			hasScannedForEncodings = 0;
			knownRegions = (
				en,
				Base,
			);
			mainGroup = 30C6725827A5110700B21D55;
			productRefGroup = 30C6726227A5110700B21D55 /* Products */;
			projectDirPath = "";
			projectRoot = "";
			targets = (
				30C6726027A5110700B21D55 /* Project-macOS */,
			);
		};
/* End PBXProject section */

/* Begin PBXResourcesBuildPhase section */
		30C6725F27A5110700B21D55 /* Resources */ = {
			isa = PBXResourcesBuildPhase;
			buildActionMask = 2147483647;
			files = (
				30C6726E27A5110900B21D55 /* Assets.xcassets in Resources */,
				30EC53AF27B4622E002138B1 /* Images in Resources */,
				30C6727127A5110900B21D55 /* Main.storyboard in Resources */,
			);
			runOnlyForDeploymentPostprocessing = 0;
		};
/* End PBXResourcesBuildPhase section */

/* Begin PBXShellScriptBuildPhase section */
		30C6728E27A7619200B21D55 /* Compile Rogue */ = {
			isa = PBXShellScriptBuildPhase;
			alwaysOutOfDate = 1;
			buildActionMask = 2147483647;
			files = (
			);
			inputFileListPaths = (
			);
			inputPaths = (
			);
			name = "Compile Rogue";
			outputFileListPaths = (
			);
			outputPaths = (
			);
			runOnlyForDeploymentPostprocessing = 0;
			shellPath = /bin/sh;
			shellScript = "cd ../..\nenv -i PATH=/opt/morlock/bin:/opt/homebrew/bin:/usr/local/bin:/usr/bin:/bin:/usr/sbin:/sbin HOME=$HOME IDE=true rogo macos\n";
		};
/* End PBXShellScriptBuildPhase section */

/* Begin PBXSourcesBuildPhase section */
		30C6725D27A5110700B21D55 /* Sources */ = {
			isa = PBXSourcesBuildPhase;
			buildActionMask = 2147483647;
			files = (
				309BF32D27B0CD7B00A6738B /* Matrix.swift in Sources */,
				30C6726727A5110700B21D55 /* PlasmacoreViewController.swift in Sources */,
				30B4950027A8E54800BCB47D /* Plasmacore.swift in Sources */,
				30B4950727A8E57A00BCB47D /* RogueInterface.mm in Sources */,
				30B4950927A8E57A00BCB47D /* PlasmacoreUtility.swift in Sources */,
				309BF32427AE36F200A6738B /* Shaders.metal in Sources */,
				30E1A5B627BCAD4A00C4FB7F /* PlasmacoreView-macOS.swift in Sources */,
				30C6726527A5110700B21D55 /* AppDelegate.swift in Sources */,
				30B4950D27A8E59000BCB47D /* RogueProgram.mm in Sources */,
				30B4950A27A8E57A00BCB47D /* PlasmacoreMessage.swift in Sources */,
				30E1A5B827BD923D00C4FB7F /* Keyboard.swift in Sources */,
				309BF32527AE36F200A6738B /* RenderCmd.swift in Sources */,
				309BF32327AE36F200A6738B /* Renderer.swift in Sources */,
				30B4950827A8E57A00BCB47D /* NativeInterface.swift in Sources */,
				309BF32827AE677C00A6738B /* RenderData.swift in Sources */,
				309BF32927AE677C00A6738B /* RenderMode.swift in Sources */,
			);
			runOnlyForDeploymentPostprocessing = 0;
		};
/* End PBXSourcesBuildPhase section */

/* Begin PBXVariantGroup section */
		30C6726F27A5110900B21D55 /* Main.storyboard */ = {
			isa = PBXVariantGroup;
			children = (
				30C6727027A5110900B21D55 /* Base */,
			);
			name = Main.storyboard;
			sourceTree = "<group>";
		};
/* End PBXVariantGroup section */

/* Begin XCBuildConfiguration section */
		30C6727327A5110900B21D55 /* Debug */ = {
			isa = XCBuildConfiguration;
			buildSettings = {
				ALWAYS_SEARCH_USER_PATHS = NO;
				CLANG_ANALYZER_NONNULL = YES;
				CLANG_ANALYZER_NUMBER_OBJECT_CONVERSION = YES_AGGRESSIVE;
				CLANG_CXX_LANGUAGE_STANDARD = "gnu++17";
				CLANG_CXX_LIBRARY = "libc++";
				CLANG_ENABLE_MODULES = YES;
				CLANG_ENABLE_OBJC_ARC = YES;
				CLANG_ENABLE_OBJC_WEAK = YES;
				CLANG_WARN_BLOCK_CAPTURE_AUTORELEASING = YES;
				CLANG_WARN_BOOL_CONVERSION = YES;
				CLANG_WARN_COMMA = YES;
				CLANG_WARN_CONSTANT_CONVERSION = YES;
				CLANG_WARN_DEPRECATED_OBJC_IMPLEMENTATIONS = YES;
				CLANG_WARN_DIRECT_OBJC_ISA_USAGE = YES_ERROR;
				CLANG_WARN_DOCUMENTATION_COMMENTS = YES;
				CLANG_WARN_EMPTY_BODY = YES;
				CLANG_WARN_ENUM_CONVERSION = YES;
				CLANG_WARN_INFINITE_RECURSION = YES;
				CLANG_WARN_INT_CONVERSION = YES;
				CLANG_WARN_NON_LITERAL_NULL_CONVERSION = YES;
				CLANG_WARN_OBJC_IMPLICIT_RETAIN_SELF = YES;
				CLANG_WARN_OBJC_LITERAL_CONVERSION = YES;
				CLANG_WARN_OBJC_ROOT_CLASS = YES_ERROR;
				CLANG_WARN_QUOTED_INCLUDE_IN_FRAMEWORK_HEADER = YES;
				CLANG_WARN_RANGE_LOOP_ANALYSIS = YES;
				CLANG_WARN_STRICT_PROTOTYPES = YES;
				CLANG_WARN_SUSPICIOUS_MOVE = YES;
				CLANG_WARN_UNGUARDED_AVAILABILITY = YES_AGGRESSIVE;
				CLANG_WARN_UNREACHABLE_CODE = YES;
				CLANG_WARN__DUPLICATE_METHOD_MATCH = YES;
				COPY_PHASE_STRIP = NO;
				DEBUG_INFORMATION_FORMAT = dwarf;
				ENABLE_STRICT_OBJC_MSGSEND = YES;
				ENABLE_TESTABILITY = YES;
				GCC_C_LANGUAGE_STANDARD = gnu11;
				GCC_DYNAMIC_NO_PIC = NO;
				GCC_NO_COMMON_BLOCKS = YES;
				GCC_OPTIMIZATION_LEVEL = 0;
				GCC_PREPROCESSOR_DEFINITIONS = (
					"DEBUG=1",
					"$(inherited)",
				);
				GCC_WARN_64_TO_32_BIT_CONVERSION = YES;
				GCC_WARN_ABOUT_RETURN_TYPE = YES_ERROR;
				GCC_WARN_UNDECLARED_SELECTOR = YES;
				GCC_WARN_UNINITIALIZED_AUTOS = YES_AGGRESSIVE;
				GCC_WARN_UNUSED_FUNCTION = YES;
				GCC_WARN_UNUSED_VARIABLE = YES;
				HEADER_SEARCH_PATHS = /opt/homebrew/opt/freetype/include/freetype2;
				LIBRARY_SEARCH_PATHS = /opt/homebrew/opt/freetype/lib;
				MACOSX_DEPLOYMENT_TARGET = 11.6;
				MTL_ENABLE_DEBUG_INFO = INCLUDE_SOURCE;
				MTL_FAST_MATH = YES;
				ONLY_ACTIVE_ARCH = YES;
				OTHER_LDFLAGS = "-lfreetype";
				SDKROOT = macosx;
				SWIFT_ACTIVE_COMPILATION_CONDITIONS = DEBUG;
				SWIFT_OPTIMIZATION_LEVEL = "-Onone";
			};
			name = Debug;
		};
		30C6727427A5110900B21D55 /* Release */ = {
			isa = XCBuildConfiguration;
			buildSettings = {
				ALWAYS_SEARCH_USER_PATHS = NO;
				CLANG_ANALYZER_NONNULL = YES;
				CLANG_ANALYZER_NUMBER_OBJECT_CONVERSION = YES_AGGRESSIVE;
				CLANG_CXX_LANGUAGE_STANDARD = "gnu++17";
				CLANG_CXX_LIBRARY = "libc++";
				CLANG_ENABLE_MODULES = YES;
				CLANG_ENABLE_OBJC_ARC = YES;
				CLANG_ENABLE_OBJC_WEAK = YES;
				CLANG_WARN_BLOCK_CAPTURE_AUTORELEASING = YES;
				CLANG_WARN_BOOL_CONVERSION = YES;
				CLANG_WARN_COMMA = YES;
				CLANG_WARN_CONSTANT_CONVERSION = YES;
				CLANG_WARN_DEPRECATED_OBJC_IMPLEMENTATIONS = YES;
				CLANG_WARN_DIRECT_OBJC_ISA_USAGE = YES_ERROR;
				CLANG_WARN_DOCUMENTATION_COMMENTS = YES;
				CLANG_WARN_EMPTY_BODY = YES;
				CLANG_WARN_ENUM_CONVERSION = YES;
				CLANG_WARN_INFINITE_RECURSION = YES;
				CLANG_WARN_INT_CONVERSION = YES;
				CLANG_WARN_NON_LITERAL_NULL_CONVERSION = YES;
				CLANG_WARN_OBJC_IMPLICIT_RETAIN_SELF = YES;
				CLANG_WARN_OBJC_LITERAL_CONVERSION = YES;
				CLANG_WARN_OBJC_ROOT_CLASS = YES_ERROR;
				CLANG_WARN_QUOTED_INCLUDE_IN_FRAMEWORK_HEADER = YES;
				CLANG_WARN_RANGE_LOOP_ANALYSIS = YES;
				CLANG_WARN_STRICT_PROTOTYPES = YES;
				CLANG_WARN_SUSPICIOUS_MOVE = YES;
				CLANG_WARN_UNGUARDED_AVAILABILITY = YES_AGGRESSIVE;
				CLANG_WARN_UNREACHABLE_CODE = YES;
				CLANG_WARN__DUPLICATE_METHOD_MATCH = YES;
				COPY_PHASE_STRIP = NO;
				DEBUG_INFORMATION_FORMAT = "dwarf-with-dsym";
				ENABLE_NS_ASSERTIONS = NO;
				ENABLE_STRICT_OBJC_MSGSEND = YES;
				GCC_C_LANGUAGE_STANDARD = gnu11;
				GCC_NO_COMMON_BLOCKS = YES;
				GCC_WARN_64_TO_32_BIT_CONVERSION = YES;
				GCC_WARN_ABOUT_RETURN_TYPE = YES_ERROR;
				GCC_WARN_UNDECLARED_SELECTOR = YES;
				GCC_WARN_UNINITIALIZED_AUTOS = YES_AGGRESSIVE;
				GCC_WARN_UNUSED_FUNCTION = YES;
				GCC_WARN_UNUSED_VARIABLE = YES;
				HEADER_SEARCH_PATHS = /opt/homebrew/opt/freetype/include/freetype2;
				LIBRARY_SEARCH_PATHS = /opt/homebrew/opt/freetype/lib;
				MACOSX_DEPLOYMENT_TARGET = 11.6;
				MTL_ENABLE_DEBUG_INFO = NO;
				MTL_FAST_MATH = YES;
				OTHER_LDFLAGS = "-lfreetype";
				SDKROOT = macosx;
				SWIFT_COMPILATION_MODE = wholemodule;
				SWIFT_OPTIMIZATION_LEVEL = "-O";
			};
			name = Release;
		};
		30C6727627A5110900B21D55 /* Debug */ = {
			isa = XCBuildConfiguration;
			buildSettings = {
				ASSETCATALOG_COMPILER_APPICON_NAME = AppIcon;
				ASSETCATALOG_COMPILER_GLOBAL_ACCENT_COLOR_NAME = AccentColor;
				CODE_SIGN_ENTITLEMENTS = "Project-macOS/Project_macOS.entitlements";
				CODE_SIGN_STYLE = Automatic;
				COMBINE_HIDPI_IMAGES = YES;
				CURRENT_PROJECT_VERSION = 1;
				GENERATE_INFOPLIST_FILE = YES;
				INFOPLIST_KEY_NSHumanReadableCopyright = "";
				INFOPLIST_KEY_NSMainStoryboardFile = Main;
				INFOPLIST_KEY_NSPrincipalClass = NSApplication;
				LD_RUNPATH_SEARCH_PATHS = (
					"$(inherited)",
					"@executable_path/../Frameworks",
				);
				MARKETING_VERSION = 1.0;
				PRODUCT_BUNDLE_IDENTIFIER = "dev.plasmacore.Project-macOS";
				PRODUCT_NAME = "$(TARGET_NAME)";
				SWIFT_EMIT_LOC_STRINGS = YES;
				SWIFT_OBJC_BRIDGING_HEADER = ../../Libraries/Framework/Swift/BridgingHeader.h;
				SWIFT_VERSION = 5.0;
			};
			name = Debug;
		};
		30C6727727A5110900B21D55 /* Release */ = {
			isa = XCBuildConfiguration;
			buildSettings = {
				ASSETCATALOG_COMPILER_APPICON_NAME = AppIcon;
				ASSETCATALOG_COMPILER_GLOBAL_ACCENT_COLOR_NAME = AccentColor;
				CODE_SIGN_ENTITLEMENTS = "Project-macOS/Project_macOS.entitlements";
				CODE_SIGN_STYLE = Automatic;
				COMBINE_HIDPI_IMAGES = YES;
				CURRENT_PROJECT_VERSION = 1;
				GENERATE_INFOPLIST_FILE = YES;
				INFOPLIST_KEY_NSHumanReadableCopyright = "";
				INFOPLIST_KEY_NSMainStoryboardFile = Main;
				INFOPLIST_KEY_NSPrincipalClass = NSApplication;
				LD_RUNPATH_SEARCH_PATHS = (
					"$(inherited)",
					"@executable_path/../Frameworks",
				);
				MARKETING_VERSION = 1.0;
				PRODUCT_BUNDLE_IDENTIFIER = "dev.plasmacore.Project-macOS";
				PRODUCT_NAME = "$(TARGET_NAME)";
				SWIFT_EMIT_LOC_STRINGS = YES;
				SWIFT_OBJC_BRIDGING_HEADER = ../../Libraries/Framework/Swift/BridgingHeader.h;
				SWIFT_VERSION = 5.0;
			};
			name = Release;
		};
/* End XCBuildConfiguration section */

/* Begin XCConfigurationList section */
		30C6725C27A5110700B21D55 /* Build configuration list for PBXProject "Project-macOS" */ = {
			isa = XCConfigurationList;
			buildConfigurations = (
				30C6727327A5110900B21D55 /* Debug */,
				30C6727427A5110900B21D55 /* Release */,
			);
			defaultConfigurationIsVisible = 0;
			defaultConfigurationName = Release;
		};
		30C6727527A5110900B21D55 /* Build configuration list for PBXNativeTarget "Project-macOS" */ = {
			isa = XCConfigurationList;
			buildConfigurations = (
				30C6727627A5110900B21D55 /* Debug */,
				30C6727727A5110900B21D55 /* Release */,
			);
			defaultConfigurationIsVisible = 0;
			defaultConfigurationName = Release;
		};
/* End XCConfigurationList section */
	};
	rootObject = 30C6725927A5110700B21D55 /* Project object */;
}
